
Microsoft Visual Studio Solution File, Format Version 12.00
# Visual Studio 14
VisualStudioVersion = 14.0.25420.1
MinimumVisualStudioVersion = 10.0.40219.1
Project("{FAE04EC0-301F-11D3-BF4B-00C04F79EFBC}") = "Lab7_1_Final", "Lab7_1_Final\Lab7_1_Final.csproj", "{80744F65-DBD4-4B90-B552-8EB8D71A3D99}"
EndProject
Global
	GlobalSection(SolutionConfigurationPlatforms) = preSolution
		Debug|Any CPU = Debug|Any CPU
		Release|Any CPU = Release|Any CPU
	EndGlobalSection
	GlobalSection(ProjectConfigurationPlatforms) = postSolution
		{80744F65-DBD4-4B90-B552-8EB8D71A3D99}.Debug|Any CPU.ActiveCfg = Debug|Any CPU
		{80744F65-DBD4-4B90-B552-8EB8D71A3D99}.Debug|Any CPU.Build.0 = Debug|Any CPU
		{80744F65-DBD4-4B90-B552-8EB8D71A3D99}.Release|Any CPU.ActiveCfg = Release|Any CPU
		{80744F65-DBD4-4B90-B552-8EB8D71A3D99}.Release|Any CPU.Build.0 = Release|Any CPU
	EndGlobalSection
	GlobalSection(SolutionProperties) = preSolution
		HideSolutionNode = FALSE
	EndGlobalSection
EndGlobal
